
Microsoft Visual Studio Solution File, Format Version 12.00
# Visual Studio Version 17
VisualStudioVersion = 17.0.31903.59
MinimumVisualStudioVersion = 10.0.40219.1
Project("{FAE04EC0-301F-11D3-BF4B-00C04F79EFBC}") = "CustomerCommLib", "CustomerCommLib\CustomerCommLib.csproj", "{C55342E9-DB80-4BB0-872C-8BFD88491897}"
EndProject
Project("{FAE04EC0-301F-11D3-BF4B-00C04F79EFBC}") = "CustomerCommLib.Tests", "CustomerCommLib.Tests\CustomerCommLib.Tests.csproj", "{4FDC76F3-3295-43C4-AD46-09CFE51783DA}"
EndProject
Global
	GlobalSection(SolutionConfigurationPlatforms) = preSolution
		Debug|Any CPU = Debug|Any CPU
		Debug|x64 = Debug|x64
		Debug|x86 = Debug|x86
		Release|Any CPU = Release|Any CPU
		Release|x64 = Release|x64
		Release|x86 = Release|x86
	EndGlobalSection
	GlobalSection(ProjectConfigurationPlatforms) = postSolution
		{C55342E9-DB80-4BB0-872C-8BFD88491897}.Debug|Any CPU.ActiveCfg = Debug|Any CPU
		{C55342E9-DB80-4BB0-872C-8BFD88491897}.Debug|Any CPU.Build.0 = Debug|Any CPU
		{C55342E9-DB80-4BB0-872C-8BFD88491897}.Debug|x64.ActiveCfg = Debug|Any CPU
		{C55342E9-DB80-4BB0-872C-8BFD88491897}.Debug|x64.Build.0 = Debug|Any CPU
		{C55342E9-DB80-4BB0-872C-8BFD88491897}.Debug|x86.ActiveCfg = Debug|Any CPU
		{C55342E9-DB80-4BB0-872C-8BFD88491897}.Debug|x86.Build.0 = Debug|Any CPU
		{C55342E9-DB80-4BB0-872C-8BFD88491897}.Release|Any CPU.ActiveCfg = Release|Any CPU
		{C55342E9-DB80-4BB0-872C-8BFD88491897}.Release|Any CPU.Build.0 = Release|Any CPU
		{C55342E9-DB80-4BB0-872C-8BFD88491897}.Release|x64.ActiveCfg = Release|Any CPU
		{C55342E9-DB80-4BB0-872C-8BFD88491897}.Release|x64.Build.0 = Release|Any CPU
		{C55342E9-DB80-4BB0-872C-8BFD88491897}.Release|x86.ActiveCfg = Release|Any CPU
		{C55342E9-DB80-4BB0-872C-8BFD88491897}.Release|x86.Build.0 = Release|Any CPU
		{4FDC76F3-3295-43C4-AD46-09CFE51783DA}.Debug|Any CPU.ActiveCfg = Debug|Any CPU
		{4FDC76F3-3295-43C4-AD46-09CFE51783DA}.Debug|Any CPU.Build.0 = Debug|Any CPU
		{4FDC76F3-3295-43C4-AD46-09CFE51783DA}.Debug|x64.ActiveCfg = Debug|Any CPU
		{4FDC76F3-3295-43C4-AD46-09CFE51783DA}.Debug|x64.Build.0 = Debug|Any CPU
		{4FDC76F3-3295-43C4-AD46-09CFE51783DA}.Debug|x86.ActiveCfg = Debug|Any CPU
		{4FDC76F3-3295-43C4-AD46-09CFE51783DA}.Debug|x86.Build.0 = Debug|Any CPU
		{4FDC76F3-3295-43C4-AD46-09CFE51783DA}.Release|Any CPU.ActiveCfg = Release|Any CPU
		{4FDC76F3-3295-43C4-AD46-09CFE51783DA}.Release|Any CPU.Build.0 = Release|Any CPU
		{4FDC76F3-3295-43C4-AD46-09CFE51783DA}.Release|x64.ActiveCfg = Release|Any CPU
		{4FDC76F3-3295-43C4-AD46-09CFE51783DA}.Release|x64.Build.0 = Release|Any CPU
		{4FDC76F3-3295-43C4-AD46-09CFE51783DA}.Release|x86.ActiveCfg = Release|Any CPU
		{4FDC76F3-3295-43C4-AD46-09CFE51783DA}.Release|x86.Build.0 = Release|Any CPU
	EndGlobalSection
	GlobalSection(SolutionProperties) = preSolution
		HideSolutionNode = FALSE
	EndGlobalSection
EndGlobal
